
Microsoft Visual Studio Solution File, Format Version 12.00
# Visual Studio 15
VisualStudioVersion = 15.0.26124.0
MinimumVisualStudioVersion = 15.0.26124.0
Project("{9A19103F-16F7-4668-BE54-9A1E7A4F7556}") = "ModernStore.Shared", "ModernStore.Shared\ModernStore.Shared.csproj", "{B42737AF-3253-4F30-A72B-DEFDB2C09F13}"
EndProject
Project("{9A19103F-16F7-4668-BE54-9A1E7A4F7556}") = "ModernStore.Infra", "ModernStore.Infra\ModernStore.Infra.csproj", "{93F110BD-8735-4DCC-863E-07A3F2E9A495}"
EndProject
Project("{9A19103F-16F7-4668-BE54-9A1E7A4F7556}") = "ModernStore.Api", "ModernStore.Api\ModernStore.Api.csproj", "{9DDCA6E1-68EE-4D4E-A432-B1C60ABD1178}"
EndProject
Project("{9A19103F-16F7-4668-BE54-9A1E7A4F7556}") = "ModernStore.IoC", "ModernStore.IoC\ModernStore.IoC.csproj", "{58F345BA-FB90-4850-9203-8FFCB6377416}"
EndProject
Project("{9A19103F-16F7-4668-BE54-9A1E7A4F7556}") = "ModernStore.Domain.Core", "ModernStore.Domain.Core\ModernStore.Domain.Core.csproj", "{E8605BFC-F382-44DD-991E-F77E85051B41}"
EndProject
Project("{E53339B2-1760-4266-BCC7-CA923CBCF16C}") = "docker-compose", "docker-compose.dcproj", "{BA7FA86A-6F91-4A02-8393-1B0611771FD2}"
EndProject
Project("{9A19103F-16F7-4668-BE54-9A1E7A4F7556}") = "ModernStore.Domain", "ModernStore.Domain\ModernStore.Domain.csproj", "{1B85953A-28A2-4D0F-9D08-637D1B0FE17A}"
EndProject
Project("{9A19103F-16F7-4668-BE54-9A1E7A4F7556}") = "ModernStore.Application", "ModernStore.Application\ModernStore.Application.csproj", "{141835CF-890C-439B-B99A-86BBAE4F3C16}"
EndProject
Project("{FAE04EC0-301F-11D3-BF4B-00C04F79EFBC}") = "ModernStore.Infra.CrossCutting.Bus", "..\ModernStore.Infra.CrossCutting.Bus\ModernStore.Infra.CrossCutting.Bus.csproj", "{80953082-FD34-43B3-BE3D-76EFBC3424F5}"
EndProject
Global
	GlobalSection(SolutionConfigurationPlatforms) = preSolution
		Debug|Any CPU = Debug|Any CPU
		Debug|x64 = Debug|x64
		Debug|x86 = Debug|x86
		Release|Any CPU = Release|Any CPU
		Release|x64 = Release|x64
		Release|x86 = Release|x86
	EndGlobalSection
	GlobalSection(ProjectConfigurationPlatforms) = postSolution
		{B42737AF-3253-4F30-A72B-DEFDB2C09F13}.Debug|Any CPU.ActiveCfg = Debug|Any CPU
		{B42737AF-3253-4F30-A72B-DEFDB2C09F13}.Debug|Any CPU.Build.0 = Debug|Any CPU
		{B42737AF-3253-4F30-A72B-DEFDB2C09F13}.Debug|x64.ActiveCfg = Debug|Any CPU
		{B42737AF-3253-4F30-A72B-DEFDB2C09F13}.Debug|x64.Build.0 = Debug|Any CPU
		{B42737AF-3253-4F30-A72B-DEFDB2C09F13}.Debug|x86.ActiveCfg = Debug|Any CPU
		{B42737AF-3253-4F30-A72B-DEFDB2C09F13}.Debug|x86.Build.0 = Debug|Any CPU
		{B42737AF-3253-4F30-A72B-DEFDB2C09F13}.Release|Any CPU.ActiveCfg = Release|Any CPU
		{B42737AF-3253-4F30-A72B-DEFDB2C09F13}.Release|Any CPU.Build.0 = Release|Any CPU
		{B42737AF-3253-4F30-A72B-DEFDB2C09F13}.Release|x64.ActiveCfg = Release|Any CPU
		{B42737AF-3253-4F30-A72B-DEFDB2C09F13}.Release|x64.Build.0 = Release|Any CPU
		{B42737AF-3253-4F30-A72B-DEFDB2C09F13}.Release|x86.ActiveCfg = Release|Any CPU
		{B42737AF-3253-4F30-A72B-DEFDB2C09F13}.Release|x86.Build.0 = Release|Any CPU
		{93F110BD-8735-4DCC-863E-07A3F2E9A495}.Debug|Any CPU.ActiveCfg = Debug|Any CPU
		{93F110BD-8735-4DCC-863E-07A3F2E9A495}.Debug|Any CPU.Build.0 = Debug|Any CPU
		{93F110BD-8735-4DCC-863E-07A3F2E9A495}.Debug|x64.ActiveCfg = Debug|Any CPU
		{93F110BD-8735-4DCC-863E-07A3F2E9A495}.Debug|x64.Build.0 = Debug|Any CPU
		{93F110BD-8735-4DCC-863E-07A3F2E9A495}.Debug|x86.ActiveCfg = Debug|Any CPU
		{93F110BD-8735-4DCC-863E-07A3F2E9A495}.Debug|x86.Build.0 = Debug|Any CPU
		{93F110BD-8735-4DCC-863E-07A3F2E9A495}.Release|Any CPU.ActiveCfg = Release|Any CPU
		{93F110BD-8735-4DCC-863E-07A3F2E9A495}.Release|Any CPU.Build.0 = Release|Any CPU
		{93F110BD-8735-4DCC-863E-07A3F2E9A495}.Release|x64.ActiveCfg = Release|Any CPU
		{93F110BD-8735-4DCC-863E-07A3F2E9A495}.Release|x64.Build.0 = Release|Any CPU
		{93F110BD-8735-4DCC-863E-07A3F2E9A495}.Release|x86.ActiveCfg = Release|Any CPU
		{93F110BD-8735-4DCC-863E-07A3F2E9A495}.Release|x86.Build.0 = Release|Any CPU
		{9DDCA6E1-68EE-4D4E-A432-B1C60ABD1178}.Debug|Any CPU.ActiveCfg = Debug|Any CPU
		{9DDCA6E1-68EE-4D4E-A432-B1C60ABD1178}.Debug|Any CPU.Build.0 = Debug|Any CPU
		{9DDCA6E1-68EE-4D4E-A432-B1C60ABD1178}.Debug|x64.ActiveCfg = Debug|Any CPU
		{9DDCA6E1-68EE-4D4E-A432-B1C60ABD1178}.Debug|x64.Build.0 = Debug|Any CPU
		{9DDCA6E1-68EE-4D4E-A432-B1C60ABD1178}.Debug|x86.ActiveCfg = Debug|Any CPU
		{9DDCA6E1-68EE-4D4E-A432-B1C60ABD1178}.Debug|x86.Build.0 = Debug|Any CPU
		{9DDCA6E1-68EE-4D4E-A432-B1C60ABD1178}.Release|Any CPU.ActiveCfg = Release|Any CPU
		{9DDCA6E1-68EE-4D4E-A432-B1C60ABD1178}.Release|Any CPU.Build.0 = Release|Any CPU
		{9DDCA6E1-68EE-4D4E-A432-B1C60ABD1178}.Release|x64.ActiveCfg = Release|Any CPU
		{9DDCA6E1-68EE-4D4E-A432-B1C60ABD1178}.Release|x64.Build.0 = Release|Any CPU
		{9DDCA6E1-68EE-4D4E-A432-B1C60ABD1178}.Release|x86.ActiveCfg = Release|Any CPU
		{9DDCA6E1-68EE-4D4E-A432-B1C60ABD1178}.Release|x86.Build.0 = Release|Any CPU
		{58F345BA-FB90-4850-9203-8FFCB6377416}.Debug|Any CPU.ActiveCfg = Debug|Any CPU
		{58F345BA-FB90-4850-9203-8FFCB6377416}.Debug|Any CPU.Build.0 = Debug|Any CPU
		{58F345BA-FB90-4850-9203-8FFCB6377416}.Debug|x64.ActiveCfg = Debug|Any CPU
		{58F345BA-FB90-4850-9203-8FFCB6377416}.Debug|x64.Build.0 = Debug|Any CPU
		{58F345BA-FB90-4850-9203-8FFCB6377416}.Debug|x86.ActiveCfg = Debug|Any CPU
		{58F345BA-FB90-4850-9203-8FFCB6377416}.Debug|x86.Build.0 = Debug|Any CPU
		{58F345BA-FB90-4850-9203-8FFCB6377416}.Release|Any CPU.ActiveCfg = Release|Any CPU
		{58F345BA-FB90-4850-9203-8FFCB6377416}.Release|Any CPU.Build.0 = Release|Any CPU
		{58F345BA-FB90-4850-9203-8FFCB6377416}.Release|x64.ActiveCfg = Release|Any CPU
		{58F345BA-FB90-4850-9203-8FFCB6377416}.Release|x64.Build.0 = Release|Any CPU
		{58F345BA-FB90-4850-9203-8FFCB6377416}.Release|x86.ActiveCfg = Release|Any CPU
		{58F345BA-FB90-4850-9203-8FFCB6377416}.Release|x86.Build.0 = Release|Any CPU
		{E8605BFC-F382-44DD-991E-F77E85051B41}.Debug|Any CPU.ActiveCfg = Debug|Any CPU
		{E8605BFC-F382-44DD-991E-F77E85051B41}.Debug|Any CPU.Build.0 = Debug|Any CPU
		{E8605BFC-F382-44DD-991E-F77E85051B41}.Debug|x64.ActiveCfg = Debug|Any CPU
		{E8605BFC-F382-44DD-991E-F77E85051B41}.Debug|x64.Build.0 = Debug|Any CPU
		{E8605BFC-F382-44DD-991E-F77E85051B41}.Debug|x86.ActiveCfg = Debug|Any CPU
		{E8605BFC-F382-44DD-991E-F77E85051B41}.Debug|x86.Build.0 = Debug|Any CPU
		{E8605BFC-F382-44DD-991E-F77E85051B41}.Release|Any CPU.ActiveCfg = Release|Any CPU
		{E8605BFC-F382-44DD-991E-F77E85051B41}.Release|Any CPU.Build.0 = Release|Any CPU
		{E8605BFC-F382-44DD-991E-F77E85051B41}.Release|x64.ActiveCfg = Release|Any CPU
		{E8605BFC-F382-44DD-991E-F77E85051B41}.Release|x64.Build.0 = Release|Any CPU
		{E8605BFC-F382-44DD-991E-F77E85051B41}.Release|x86.ActiveCfg = Release|Any CPU
		{E8605BFC-F382-44DD-991E-F77E85051B41}.Release|x86.Build.0 = Release|Any CPU
		{BA7FA86A-6F91-4A02-8393-1B0611771FD2}.Debug|Any CPU.ActiveCfg = Debug|Any CPU
		{BA7FA86A-6F91-4A02-8393-1B0611771FD2}.Debug|Any CPU.Build.0 = Debug|Any CPU
		{BA7FA86A-6F91-4A02-8393-1B0611771FD2}.Debug|x64.ActiveCfg = Debug|Any CPU
		{BA7FA86A-6F91-4A02-8393-1B0611771FD2}.Debug|x64.Build.0 = Debug|Any CPU
		{BA7FA86A-6F91-4A02-8393-1B0611771FD2}.Debug|x86.ActiveCfg = Debug|Any CPU
		{BA7FA86A-6F91-4A02-8393-1B0611771FD2}.Debug|x86.Build.0 = Debug|Any CPU
		{BA7FA86A-6F91-4A02-8393-1B0611771FD2}.Release|Any CPU.ActiveCfg = Release|Any CPU
		{BA7FA86A-6F91-4A02-8393-1B0611771FD2}.Release|Any CPU.Build.0 = Release|Any CPU
		{BA7FA86A-6F91-4A02-8393-1B0611771FD2}.Release|x64.ActiveCfg = Release|Any CPU
		{BA7FA86A-6F91-4A02-8393-1B0611771FD2}.Release|x64.Build.0 = Release|Any CPU
		{BA7FA86A-6F91-4A02-8393-1B0611771FD2}.Release|x86.ActiveCfg = Release|Any CPU
		{BA7FA86A-6F91-4A02-8393-1B0611771FD2}.Release|x86.Build.0 = Release|Any CPU
		{1B85953A-28A2-4D0F-9D08-637D1B0FE17A}.Debug|Any CPU.ActiveCfg = Debug|Any CPU
		{1B85953A-28A2-4D0F-9D08-637D1B0FE17A}.Debug|Any CPU.Build.0 = Debug|Any CPU
		{1B85953A-28A2-4D0F-9D08-637D1B0FE17A}.Debug|x64.ActiveCfg = Debug|Any CPU
		{1B85953A-28A2-4D0F-9D08-637D1B0FE17A}.Debug|x64.Build.0 = Debug|Any CPU
		{1B85953A-28A2-4D0F-9D08-637D1B0FE17A}.Debug|x86.ActiveCfg = Debug|Any CPU
		{1B85953A-28A2-4D0F-9D08-637D1B0FE17A}.Debug|x86.Build.0 = Debug|Any CPU
		{1B85953A-28A2-4D0F-9D08-637D1B0FE17A}.Release|Any CPU.ActiveCfg = Release|Any CPU
		{1B85953A-28A2-4D0F-9D08-637D1B0FE17A}.Release|Any CPU.Build.0 = Release|Any CPU
		{1B85953A-28A2-4D0F-9D08-637D1B0FE17A}.Release|x64.ActiveCfg = Release|Any CPU
		{1B85953A-28A2-4D0F-9D08-637D1B0FE17A}.Release|x64.Build.0 = Release|Any CPU
		{1B85953A-28A2-4D0F-9D08-637D1B0FE17A}.Release|x86.ActiveCfg = Release|Any CPU
		{1B85953A-28A2-4D0F-9D08-637D1B0FE17A}.Release|x86.Build.0 = Release|Any CPU
		{141835CF-890C-439B-B99A-86BBAE4F3C16}.Debug|Any CPU.ActiveCfg = Debug|Any CPU
		{141835CF-890C-439B-B99A-86BBAE4F3C16}.Debug|Any CPU.Build.0 = Debug|Any CPU
		{141835CF-890C-439B-B99A-86BBAE4F3C16}.Debug|x64.ActiveCfg = Debug|Any CPU
		{141835CF-890C-439B-B99A-86BBAE4F3C16}.Debug|x64.Build.0 = Debug|Any CPU
		{141835CF-890C-439B-B99A-86BBAE4F3C16}.Debug|x86.ActiveCfg = Debug|Any CPU
		{141835CF-890C-439B-B99A-86BBAE4F3C16}.Debug|x86.Build.0 = Debug|Any CPU
		{141835CF-890C-439B-B99A-86BBAE4F3C16}.Release|Any CPU.ActiveCfg = Release|Any CPU
		{141835CF-890C-439B-B99A-86BBAE4F3C16}.Release|Any CPU.Build.0 = Release|Any CPU
		{141835CF-890C-439B-B99A-86BBAE4F3C16}.Release|x64.ActiveCfg = Release|Any CPU
		{141835CF-890C-439B-B99A-86BBAE4F3C16}.Release|x64.Build.0 = Release|Any CPU
		{141835CF-890C-439B-B99A-86BBAE4F3C16}.Release|x86.ActiveCfg = Release|Any CPU
		{141835CF-890C-439B-B99A-86BBAE4F3C16}.Release|x86.Build.0 = Release|Any CPU
		{80953082-FD34-43B3-BE3D-76EFBC3424F5}.Debug|Any CPU.ActiveCfg = Debug|Any CPU
		{80953082-FD34-43B3-BE3D-76EFBC3424F5}.Debug|Any CPU.Build.0 = Debug|Any CPU
		{80953082-FD34-43B3-BE3D-76EFBC3424F5}.Debug|x64.ActiveCfg = Debug|Any CPU
		{80953082-FD34-43B3-BE3D-76EFBC3424F5}.Debug|x64.Build.0 = Debug|Any CPU
		{80953082-FD34-43B3-BE3D-76EFBC3424F5}.Debug|x86.ActiveCfg = Debug|Any CPU
		{80953082-FD34-43B3-BE3D-76EFBC3424F5}.Debug|x86.Build.0 = Debug|Any CPU
		{80953082-FD34-43B3-BE3D-76EFBC3424F5}.Release|Any CPU.ActiveCfg = Release|Any CPU
		{80953082-FD34-43B3-BE3D-76EFBC3424F5}.Release|Any CPU.Build.0 = Release|Any CPU
		{80953082-FD34-43B3-BE3D-76EFBC3424F5}.Release|x64.ActiveCfg = Release|Any CPU
		{80953082-FD34-43B3-BE3D-76EFBC3424F5}.Release|x64.Build.0 = Release|Any CPU
		{80953082-FD34-43B3-BE3D-76EFBC3424F5}.Release|x86.ActiveCfg = Release|Any CPU
		{80953082-FD34-43B3-BE3D-76EFBC3424F5}.Release|x86.Build.0 = Release|Any CPU
	EndGlobalSection
	GlobalSection(SolutionProperties) = preSolution
		HideSolutionNode = FALSE
	EndGlobalSection
	GlobalSection(ExtensibilityGlobals) = postSolution
		SolutionGuid = {BC499DBB-D76D-4226-B8A5-1F2356076551}
	EndGlobalSection
EndGlobal
